
Microsoft Visual Studio Solution File, Format Version 12.00
# Visual Studio Version 16
VisualStudioVersion = 16.0.30309.148
MinimumVisualStudioVersion = 10.0.40219.1
Project("{9A19103F-16F7-4668-BE54-9A1E7A4F7556}") = "ML.Anomalies", "ML.Anomalies\ML.Anomalies.csproj", "{56CEBE0F-8EB7-4C09-8EC2-FEAD2EF72B36}"
EndProject
Project("{9A19103F-16F7-4668-BE54-9A1E7A4F7556}") = "ML.AnomaliesML.Model", "ML.AnomaliesML.Model\ML.AnomaliesML.Model.csproj", "{06956CBC-0F6F-457A-BF00-A077EFF77ABE}"
EndProject
Project("{9A19103F-16F7-4668-BE54-9A1E7A4F7556}") = "ML.AnomaliesML.ConsoleApp", "ML.AnomaliesML.ConsoleApp\ML.AnomaliesML.ConsoleApp.csproj", "{1A360943-7A61-4DCD-805A-2D643CF56C6D}"
EndProject
Project("{FAE04EC0-301F-11D3-BF4B-00C04F79EFBC}") = "AutoMLDemo", "AutoMLDemo\AutoMLDemo.csproj", "{D7D081E8-C044-4DCD-83ED-1AF09360E6FA}"
EndProject
Global
	GlobalSection(SolutionConfigurationPlatforms) = preSolution
		Debug|Any CPU = Debug|Any CPU
		Release|Any CPU = Release|Any CPU
	EndGlobalSection
	GlobalSection(ProjectConfigurationPlatforms) = postSolution
		{56CEBE0F-8EB7-4C09-8EC2-FEAD2EF72B36}.Debug|Any CPU.ActiveCfg = Debug|Any CPU
		{56CEBE0F-8EB7-4C09-8EC2-FEAD2EF72B36}.Debug|Any CPU.Build.0 = Debug|Any CPU
		{56CEBE0F-8EB7-4C09-8EC2-FEAD2EF72B36}.Release|Any CPU.ActiveCfg = Release|Any CPU
		{56CEBE0F-8EB7-4C09-8EC2-FEAD2EF72B36}.Release|Any CPU.Build.0 = Release|Any CPU
		{06956CBC-0F6F-457A-BF00-A077EFF77ABE}.Debug|Any CPU.ActiveCfg = Debug|Any CPU
		{06956CBC-0F6F-457A-BF00-A077EFF77ABE}.Debug|Any CPU.Build.0 = Debug|Any CPU
		{06956CBC-0F6F-457A-BF00-A077EFF77ABE}.Release|Any CPU.ActiveCfg = Release|Any CPU
		{06956CBC-0F6F-457A-BF00-A077EFF77ABE}.Release|Any CPU.Build.0 = Release|Any CPU
		{1A360943-7A61-4DCD-805A-2D643CF56C6D}.Debug|Any CPU.ActiveCfg = Debug|Any CPU
		{1A360943-7A61-4DCD-805A-2D643CF56C6D}.Debug|Any CPU.Build.0 = Debug|Any CPU
		{1A360943-7A61-4DCD-805A-2D643CF56C6D}.Release|Any CPU.ActiveCfg = Release|Any CPU
		{1A360943-7A61-4DCD-805A-2D643CF56C6D}.Release|Any CPU.Build.0 = Release|Any CPU
		{D7D081E8-C044-4DCD-83ED-1AF09360E6FA}.Debug|Any CPU.ActiveCfg = Debug|Any CPU
		{D7D081E8-C044-4DCD-83ED-1AF09360E6FA}.Debug|Any CPU.Build.0 = Debug|Any CPU
		{D7D081E8-C044-4DCD-83ED-1AF09360E6FA}.Release|Any CPU.ActiveCfg = Release|Any CPU
		{D7D081E8-C044-4DCD-83ED-1AF09360E6FA}.Release|Any CPU.Build.0 = Release|Any CPU
	EndGlobalSection
	GlobalSection(SolutionProperties) = preSolution
		HideSolutionNode = FALSE
	EndGlobalSection
	GlobalSection(ExtensibilityGlobals) = postSolution
		SolutionGuid = {8B1A6C33-FCB9-4C35-907A-A34F29319916}
	EndGlobalSection
EndGlobal
